
Microsoft Visual Studio Solution File, Format Version 12.00
# Visual Studio Version 16
VisualStudioVersion = 16.0.30413.136
MinimumVisualStudioVersion = 10.0.40219.1
Project("{F184B08F-C81C-45F6-A57F-5ABD9991F28F}") = "BetterCalculator", "BetterCalculator.vbproj", "{CBECCDEC-0A6D-4FF8-B1CA-D17875B46ED6}"
EndProject
Global
	GlobalSection(SolutionConfigurationPlatforms) = preSolution
		Debug|Any CPU = Debug|Any CPU
		Release|Any CPU = Release|Any CPU
	EndGlobalSection
	GlobalSection(ProjectConfigurationPlatforms) = postSolution
		{CBECCDEC-0A6D-4FF8-B1CA-D17875B46ED6}.Debug|Any CPU.ActiveCfg = Debug|Any CPU
		{CBECCDEC-0A6D-4FF8-B1CA-D17875B46ED6}.Debug|Any CPU.Build.0 = Debug|Any CPU
		{CBECCDEC-0A6D-4FF8-B1CA-D17875B46ED6}.Release|Any CPU.ActiveCfg = Release|Any CPU
		{CBECCDEC-0A6D-4FF8-B1CA-D17875B46ED6}.Release|Any CPU.Build.0 = Release|Any CPU
	EndGlobalSection
	GlobalSection(SolutionProperties) = preSolution
		HideSolutionNode = FALSE
	EndGlobalSection
	GlobalSection(ExtensibilityGlobals) = postSolution
		SolutionGuid = {C41F0FA1-0FB5-4C87-BF79-75C6365B6408}
	EndGlobalSection
EndGlobal
